
Microsoft Visual Studio Solution File, Format Version 12.00
# Visual Studio 15
VisualStudioVersion = 15.0.26224.1
MinimumVisualStudioVersion = 10.0.40219.1
Project("{FAE04EC0-301F-11D3-BF4B-00C04F79EFBC}") = "Appveyor.TestLogger", "Appveyor.TestLogger\Appveyor.TestLogger.csproj", "{8A88948F-14B9-4E51-9A39-8BC6A63478EB}"
EndProject
Project("{FAE04EC0-301F-11D3-BF4B-00C04F79EFBC}") = "Appveyor.TestLogger.Tests", "Appveyor.TestLogger.Tests\Appveyor.TestLogger.Tests.csproj", "{D36E747C-A815-4193-A338-B36A31E4C951}"
EndProject
Global
	GlobalSection(SolutionConfigurationPlatforms) = preSolution
		Debug|Any CPU = Debug|Any CPU
		Release|Any CPU = Release|Any CPU
	EndGlobalSection
	GlobalSection(ProjectConfigurationPlatforms) = postSolution
		{8A88948F-14B9-4E51-9A39-8BC6A63478EB}.Debug|Any CPU.ActiveCfg = Debug|Any CPU
		{8A88948F-14B9-4E51-9A39-8BC6A63478EB}.Debug|Any CPU.Build.0 = Debug|Any CPU
		{8A88948F-14B9-4E51-9A39-8BC6A63478EB}.Release|Any CPU.ActiveCfg = Release|Any CPU
		{8A88948F-14B9-4E51-9A39-8BC6A63478EB}.Release|Any CPU.Build.0 = Release|Any CPU
		{D36E747C-A815-4193-A338-B36A31E4C951}.Debug|Any CPU.ActiveCfg = Debug|Any CPU
		{D36E747C-A815-4193-A338-B36A31E4C951}.Debug|Any CPU.Build.0 = Debug|Any CPU
		{D36E747C-A815-4193-A338-B36A31E4C951}.Release|Any CPU.ActiveCfg = Release|Any CPU
		{D36E747C-A815-4193-A338-B36A31E4C951}.Release|Any CPU.Build.0 = Release|Any CPU
	EndGlobalSection
	GlobalSection(SolutionProperties) = preSolution
		HideSolutionNode = FALSE
	EndGlobalSection
EndGlobal
