
Microsoft Visual Studio Solution File, Format Version 12.00
# Visual Studio 15
VisualStudioVersion = 15.0.26430.16
MinimumVisualStudioVersion = 10.0.40219.1
Project("{2150E333-8FDC-42A3-9474-1A3956D46DE8}") = "src", "src", "{3FB5E8BF-B24A-4246-97B8-B98E028457BF}"
EndProject
Project("{9A19103F-16F7-4668-BE54-9A1E7A4F7556}") = "Appveyor.TestLogger", "src\Appveyor.TestLogger\Appveyor.TestLogger.csproj", "{A85D8FDB-64BA-4380-86B2-F2B326D80291}"
EndProject
Project("{2150E333-8FDC-42A3-9474-1A3956D46DE8}") = "test", "test", "{2A90596D-42AC-49DB-B5BF-72E1AFD7A066}"
EndProject
Project("{9A19103F-16F7-4668-BE54-9A1E7A4F7556}") = "Appveyor.TestLogger.NetCore.Tests", "test\Appveyor.TestLogger.NetCore.Tests\Appveyor.TestLogger.NetCore.Tests.csproj", "{9892E1B6-DA57-4FC7-8317-F18D3E413F9E}"
EndProject
Project("{9A19103F-16F7-4668-BE54-9A1E7A4F7556}") = "Appveyor.TestLogger.NetFull.Tests", "test\Appveyor.TestLogger.NetFull.Tests\Appveyor.TestLogger.NetFull.Tests.csproj", "{F577A541-4D2E-4E78-A8A2-55801521FC24}"
EndProject
Project("{9A19103F-16F7-4668-BE54-9A1E7A4F7556}") = "Xunit.Xml.TestLogger", "src\Xunit.Xml.TestLogger\Xunit.Xml.TestLogger.csproj", "{3EB2A7EF-3ED6-4A64-8C2E-6436148694B1}"
EndProject
Project("{9A19103F-16F7-4668-BE54-9A1E7A4F7556}") = "Xunit.Xml.TestLogger.NetCore.Tests", "test\Xunit.Xml.TestLogger.NetCore.Tests\Xunit.Xml.TestLogger.NetCore.Tests.csproj", "{75A4F98C-A61B-433E-8977-61EAF5D6DF17}"
EndProject
Project("{2150E333-8FDC-42A3-9474-1A3956D46DE8}") = "ExternalPackage", "ExternalPackage", "{FAA6D063-39D2-4F32-997C-6DA27BC9B489}"
EndProject
Project("{9A19103F-16F7-4668-BE54-9A1E7A4F7556}") = "Restore", "src\ExternalPackage\Restore.csproj", "{5E600330-4DDD-4D5A-B668-E8AD545025DD}"
EndProject
Project("{9A19103F-16F7-4668-BE54-9A1E7A4F7556}") = "Xunit.Xml.TestLogger.NetFull.Tests", "test\Xunit.Xml.TestLogger.NetFull.Tests\Xunit.Xml.TestLogger.NetFull.Tests.csproj", "{269D6102-6163-4AD8-A89A-9965B9F24A52}"
EndProject
Project("{9A19103F-16F7-4668-BE54-9A1E7A4F7556}") = "NUnit.Xml.TestLogger.NetCore.Tests", "test\NUnit.Xml.TestLogger.NetCore.Tests\NUnit.Xml.TestLogger.NetCore.Tests.csproj", "{AEA0096F-64C1-4A10-9AD5-B4BB5A990D5A}"
EndProject
Project("{9A19103F-16F7-4668-BE54-9A1E7A4F7556}") = "NUnit.Xml.TestLogger.NetFull.Tests", "test\NUnit.Xml.TestLogger.NetFull.Tests\NUnit.Xml.TestLogger.NetFull.Tests.csproj", "{01F109DC-1379-4AB2-86E8-83CA1A06B39F}"
EndProject
Project("{9A19103F-16F7-4668-BE54-9A1E7A4F7556}") = "NUnit.Xml.TestLogger", "src\NUnit.Xml.TestLogger\NUnit.Xml.TestLogger.csproj", "{E8C9763A-ED00-4093-A311-E8B13DCDD75F}"
EndProject
Project("{FAE04EC0-301F-11D3-BF4B-00C04F79EFBC}") = "Appveyor.TestLogger.TestAdapter", "src\Appveyor.TestLogger.TestAdapter\Appveyor.TestLogger.TestAdapter.csproj", "{140C6885-D79E-4D8D-9F4A-0B40FB2F8AF6}"
EndProject
Project("{FAE04EC0-301F-11D3-BF4B-00C04F79EFBC}") = "NUnit.Xml.TestLogger.TestAdapter", "src\NUnit.Xml.TestLogger.TestAdapter\NUnit.Xml.TestLogger.TestAdapter.csproj", "{CACFBF3B-5F0F-408F-983F-58A76761CD39}"
EndProject
Project("{FAE04EC0-301F-11D3-BF4B-00C04F79EFBC}") = "Xunit.Xml.TestLogger.TestAdapter", "src\Xunit.Xml.TestLogger.TestAdapter\Xunit.Xml.TestLogger.TestAdapter.csproj", "{3FEEDF15-7489-4A88-A08A-8B75AEF74C56}"
EndProject
Global
	GlobalSection(SolutionConfigurationPlatforms) = preSolution
		Debug|Any CPU = Debug|Any CPU
		Release|Any CPU = Release|Any CPU
	EndGlobalSection
	GlobalSection(ProjectConfigurationPlatforms) = postSolution
		{A85D8FDB-64BA-4380-86B2-F2B326D80291}.Debug|Any CPU.ActiveCfg = Debug|Any CPU
		{A85D8FDB-64BA-4380-86B2-F2B326D80291}.Debug|Any CPU.Build.0 = Debug|Any CPU
		{A85D8FDB-64BA-4380-86B2-F2B326D80291}.Release|Any CPU.ActiveCfg = Release|Any CPU
		{A85D8FDB-64BA-4380-86B2-F2B326D80291}.Release|Any CPU.Build.0 = Release|Any CPU
		{9892E1B6-DA57-4FC7-8317-F18D3E413F9E}.Debug|Any CPU.ActiveCfg = Debug|Any CPU
		{9892E1B6-DA57-4FC7-8317-F18D3E413F9E}.Debug|Any CPU.Build.0 = Debug|Any CPU
		{9892E1B6-DA57-4FC7-8317-F18D3E413F9E}.Release|Any CPU.ActiveCfg = Release|Any CPU
		{9892E1B6-DA57-4FC7-8317-F18D3E413F9E}.Release|Any CPU.Build.0 = Release|Any CPU
		{F577A541-4D2E-4E78-A8A2-55801521FC24}.Debug|Any CPU.ActiveCfg = Debug|Any CPU
		{F577A541-4D2E-4E78-A8A2-55801521FC24}.Debug|Any CPU.Build.0 = Debug|Any CPU
		{F577A541-4D2E-4E78-A8A2-55801521FC24}.Release|Any CPU.ActiveCfg = Release|Any CPU
		{F577A541-4D2E-4E78-A8A2-55801521FC24}.Release|Any CPU.Build.0 = Release|Any CPU
		{3EB2A7EF-3ED6-4A64-8C2E-6436148694B1}.Debug|Any CPU.ActiveCfg = Debug|Any CPU
		{3EB2A7EF-3ED6-4A64-8C2E-6436148694B1}.Debug|Any CPU.Build.0 = Debug|Any CPU
		{3EB2A7EF-3ED6-4A64-8C2E-6436148694B1}.Release|Any CPU.ActiveCfg = Release|Any CPU
		{3EB2A7EF-3ED6-4A64-8C2E-6436148694B1}.Release|Any CPU.Build.0 = Release|Any CPU
		{75A4F98C-A61B-433E-8977-61EAF5D6DF17}.Debug|Any CPU.ActiveCfg = Debug|Any CPU
		{75A4F98C-A61B-433E-8977-61EAF5D6DF17}.Debug|Any CPU.Build.0 = Debug|Any CPU
		{75A4F98C-A61B-433E-8977-61EAF5D6DF17}.Release|Any CPU.ActiveCfg = Release|Any CPU
		{75A4F98C-A61B-433E-8977-61EAF5D6DF17}.Release|Any CPU.Build.0 = Release|Any CPU
		{5E600330-4DDD-4D5A-B668-E8AD545025DD}.Debug|Any CPU.ActiveCfg = Debug|Any CPU
		{5E600330-4DDD-4D5A-B668-E8AD545025DD}.Debug|Any CPU.Build.0 = Debug|Any CPU
		{5E600330-4DDD-4D5A-B668-E8AD545025DD}.Release|Any CPU.ActiveCfg = Release|Any CPU
		{5E600330-4DDD-4D5A-B668-E8AD545025DD}.Release|Any CPU.Build.0 = Release|Any CPU
		{269D6102-6163-4AD8-A89A-9965B9F24A52}.Debug|Any CPU.ActiveCfg = Debug|Any CPU
		{269D6102-6163-4AD8-A89A-9965B9F24A52}.Debug|Any CPU.Build.0 = Debug|Any CPU
		{269D6102-6163-4AD8-A89A-9965B9F24A52}.Release|Any CPU.ActiveCfg = Release|Any CPU
		{269D6102-6163-4AD8-A89A-9965B9F24A52}.Release|Any CPU.Build.0 = Release|Any CPU
		{AEA0096F-64C1-4A10-9AD5-B4BB5A990D5A}.Debug|Any CPU.ActiveCfg = Debug|Any CPU
		{AEA0096F-64C1-4A10-9AD5-B4BB5A990D5A}.Debug|Any CPU.Build.0 = Debug|Any CPU
		{AEA0096F-64C1-4A10-9AD5-B4BB5A990D5A}.Release|Any CPU.ActiveCfg = Release|Any CPU
		{AEA0096F-64C1-4A10-9AD5-B4BB5A990D5A}.Release|Any CPU.Build.0 = Release|Any CPU
		{01F109DC-1379-4AB2-86E8-83CA1A06B39F}.Debug|Any CPU.ActiveCfg = Debug|Any CPU
		{01F109DC-1379-4AB2-86E8-83CA1A06B39F}.Debug|Any CPU.Build.0 = Debug|Any CPU
		{01F109DC-1379-4AB2-86E8-83CA1A06B39F}.Release|Any CPU.ActiveCfg = Release|Any CPU
		{01F109DC-1379-4AB2-86E8-83CA1A06B39F}.Release|Any CPU.Build.0 = Release|Any CPU
		{E8C9763A-ED00-4093-A311-E8B13DCDD75F}.Debug|Any CPU.ActiveCfg = Debug|Any CPU
		{E8C9763A-ED00-4093-A311-E8B13DCDD75F}.Debug|Any CPU.Build.0 = Debug|Any CPU
		{E8C9763A-ED00-4093-A311-E8B13DCDD75F}.Release|Any CPU.ActiveCfg = Release|Any CPU
		{E8C9763A-ED00-4093-A311-E8B13DCDD75F}.Release|Any CPU.Build.0 = Release|Any CPU
		{140C6885-D79E-4D8D-9F4A-0B40FB2F8AF6}.Debug|Any CPU.ActiveCfg = Debug|Any CPU
		{140C6885-D79E-4D8D-9F4A-0B40FB2F8AF6}.Debug|Any CPU.Build.0 = Debug|Any CPU
		{140C6885-D79E-4D8D-9F4A-0B40FB2F8AF6}.Release|Any CPU.ActiveCfg = Release|Any CPU
		{140C6885-D79E-4D8D-9F4A-0B40FB2F8AF6}.Release|Any CPU.Build.0 = Release|Any CPU
		{CACFBF3B-5F0F-408F-983F-58A76761CD39}.Debug|Any CPU.ActiveCfg = Debug|Any CPU
		{CACFBF3B-5F0F-408F-983F-58A76761CD39}.Debug|Any CPU.Build.0 = Debug|Any CPU
		{CACFBF3B-5F0F-408F-983F-58A76761CD39}.Release|Any CPU.ActiveCfg = Release|Any CPU
		{CACFBF3B-5F0F-408F-983F-58A76761CD39}.Release|Any CPU.Build.0 = Release|Any CPU
		{3FEEDF15-7489-4A88-A08A-8B75AEF74C56}.Debug|Any CPU.ActiveCfg = Debug|Any CPU
		{3FEEDF15-7489-4A88-A08A-8B75AEF74C56}.Debug|Any CPU.Build.0 = Debug|Any CPU
		{3FEEDF15-7489-4A88-A08A-8B75AEF74C56}.Release|Any CPU.ActiveCfg = Release|Any CPU
		{3FEEDF15-7489-4A88-A08A-8B75AEF74C56}.Release|Any CPU.Build.0 = Release|Any CPU
	EndGlobalSection
	GlobalSection(SolutionProperties) = preSolution
		HideSolutionNode = FALSE
	EndGlobalSection
	GlobalSection(NestedProjects) = preSolution
		{A85D8FDB-64BA-4380-86B2-F2B326D80291} = {3FB5E8BF-B24A-4246-97B8-B98E028457BF}
		{9892E1B6-DA57-4FC7-8317-F18D3E413F9E} = {2A90596D-42AC-49DB-B5BF-72E1AFD7A066}
		{F577A541-4D2E-4E78-A8A2-55801521FC24} = {2A90596D-42AC-49DB-B5BF-72E1AFD7A066}
		{3EB2A7EF-3ED6-4A64-8C2E-6436148694B1} = {3FB5E8BF-B24A-4246-97B8-B98E028457BF}
		{75A4F98C-A61B-433E-8977-61EAF5D6DF17} = {2A90596D-42AC-49DB-B5BF-72E1AFD7A066}
		{FAA6D063-39D2-4F32-997C-6DA27BC9B489} = {3FB5E8BF-B24A-4246-97B8-B98E028457BF}
		{5E600330-4DDD-4D5A-B668-E8AD545025DD} = {FAA6D063-39D2-4F32-997C-6DA27BC9B489}
		{269D6102-6163-4AD8-A89A-9965B9F24A52} = {2A90596D-42AC-49DB-B5BF-72E1AFD7A066}
		{AEA0096F-64C1-4A10-9AD5-B4BB5A990D5A} = {2A90596D-42AC-49DB-B5BF-72E1AFD7A066}
		{01F109DC-1379-4AB2-86E8-83CA1A06B39F} = {2A90596D-42AC-49DB-B5BF-72E1AFD7A066}
		{E8C9763A-ED00-4093-A311-E8B13DCDD75F} = {3FB5E8BF-B24A-4246-97B8-B98E028457BF}
		{140C6885-D79E-4D8D-9F4A-0B40FB2F8AF6} = {3FB5E8BF-B24A-4246-97B8-B98E028457BF}
		{CACFBF3B-5F0F-408F-983F-58A76761CD39} = {3FB5E8BF-B24A-4246-97B8-B98E028457BF}
		{3FEEDF15-7489-4A88-A08A-8B75AEF74C56} = {3FB5E8BF-B24A-4246-97B8-B98E028457BF}
	EndGlobalSection
EndGlobal
